
Microsoft Visual Studio Solution File, Format Version 12.00
Project("{FAE04EC0-301F-11D3-BF4B-00C04F79EFBC}") = "AutonomousFleet", "AutonomousFleet\AutonomousFleet.csproj", "{B7136C73-74A1-4B57-8AE8-BF463E95475E}"
EndProject
Project("{FAE04EC0-301F-11D3-BF4B-00C04F79EFBC}") = "Fleet.Domain", "Fleet.Domain\Fleet.Domain.csproj", "{EC06817A-A4C1-4EB7-9117-CBE4C693ED05}"
EndProject
Project("{FAE04EC0-301F-11D3-BF4B-00C04F79EFBC}") = "Fleet.Application", "Fleet.Application\Fleet.Application.csproj", "{89BA35BA-0F2D-49A7-BE3C-A1E2AA06DF0E}"
EndProject
Project("{FAE04EC0-301F-11D3-BF4B-00C04F79EFBC}") = "Fleet.Infrastructure", "Fleet.Infrastructure\Fleet.Infrastructure.csproj", "{09E26A5E-204B-47A7-8A62-73A2A25D8293}"
EndProject
Project("{FAE04EC0-301F-11D3-BF4B-00C04F79EFBC}") = "Fleet.Persistance", "Fleet.Persistance\Fleet.Persistance.csproj", "{5126ECD0-E656-4742-991F-CDCC2469098A}"
EndProject
Project("{FAE04EC0-301F-11D3-BF4B-00C04F79EFBC}") = "Fleet.API", "Fleet.API\Fleet.API.csproj", "{82D952F5-A3B4-4A14-B5A3-4FE17DFAC1B3}"
EndProject
Project("{FAE04EC0-301F-11D3-BF4B-00C04F79EFBC}") = "Order.Domain", "Order.Domain\Order.Domain.csproj", "{CC4C49D9-7EE3-47AC-B016-E2F853AD196B}"
EndProject
Project("{FAE04EC0-301F-11D3-BF4B-00C04F79EFBC}") = "Order.Application", "Order.Application\Order.Application.csproj", "{B402CE32-4393-466C-B9B5-F112D43C7DA7}"
EndProject
Project("{FAE04EC0-301F-11D3-BF4B-00C04F79EFBC}") = "Order.Infrastructure", "Order.Infrastructure\Order.Infrastructure.csproj", "{F4AD4EEB-F7B6-4253-80FD-7D90682A3D19}"
EndProject
Project("{FAE04EC0-301F-11D3-BF4B-00C04F79EFBC}") = "Order.Persistance", "Order.Persistance\Order.Persistance.csproj", "{8DEFC63B-173B-449F-9A72-EFAB9EEA5D2C}"
EndProject
Global
	GlobalSection(SolutionConfigurationPlatforms) = preSolution
		Debug|Any CPU = Debug|Any CPU
		Release|Any CPU = Release|Any CPU
	EndGlobalSection
	GlobalSection(ProjectConfigurationPlatforms) = postSolution
		{B7136C73-74A1-4B57-8AE8-BF463E95475E}.Debug|Any CPU.ActiveCfg = Debug|Any CPU
		{B7136C73-74A1-4B57-8AE8-BF463E95475E}.Debug|Any CPU.Build.0 = Debug|Any CPU
		{B7136C73-74A1-4B57-8AE8-BF463E95475E}.Release|Any CPU.ActiveCfg = Release|Any CPU
		{B7136C73-74A1-4B57-8AE8-BF463E95475E}.Release|Any CPU.Build.0 = Release|Any CPU
		{EC06817A-A4C1-4EB7-9117-CBE4C693ED05}.Debug|Any CPU.ActiveCfg = Debug|Any CPU
		{EC06817A-A4C1-4EB7-9117-CBE4C693ED05}.Debug|Any CPU.Build.0 = Debug|Any CPU
		{EC06817A-A4C1-4EB7-9117-CBE4C693ED05}.Release|Any CPU.ActiveCfg = Release|Any CPU
		{EC06817A-A4C1-4EB7-9117-CBE4C693ED05}.Release|Any CPU.Build.0 = Release|Any CPU
		{89BA35BA-0F2D-49A7-BE3C-A1E2AA06DF0E}.Debug|Any CPU.ActiveCfg = Debug|Any CPU
		{89BA35BA-0F2D-49A7-BE3C-A1E2AA06DF0E}.Debug|Any CPU.Build.0 = Debug|Any CPU
		{89BA35BA-0F2D-49A7-BE3C-A1E2AA06DF0E}.Release|Any CPU.ActiveCfg = Release|Any CPU
		{89BA35BA-0F2D-49A7-BE3C-A1E2AA06DF0E}.Release|Any CPU.Build.0 = Release|Any CPU
		{09E26A5E-204B-47A7-8A62-73A2A25D8293}.Debug|Any CPU.ActiveCfg = Debug|Any CPU
		{09E26A5E-204B-47A7-8A62-73A2A25D8293}.Debug|Any CPU.Build.0 = Debug|Any CPU
		{09E26A5E-204B-47A7-8A62-73A2A25D8293}.Release|Any CPU.ActiveCfg = Release|Any CPU
		{09E26A5E-204B-47A7-8A62-73A2A25D8293}.Release|Any CPU.Build.0 = Release|Any CPU
		{5126ECD0-E656-4742-991F-CDCC2469098A}.Debug|Any CPU.ActiveCfg = Debug|Any CPU
		{5126ECD0-E656-4742-991F-CDCC2469098A}.Debug|Any CPU.Build.0 = Debug|Any CPU
		{5126ECD0-E656-4742-991F-CDCC2469098A}.Release|Any CPU.ActiveCfg = Release|Any CPU
		{5126ECD0-E656-4742-991F-CDCC2469098A}.Release|Any CPU.Build.0 = Release|Any CPU
		{82D952F5-A3B4-4A14-B5A3-4FE17DFAC1B3}.Debug|Any CPU.ActiveCfg = Debug|Any CPU
		{82D952F5-A3B4-4A14-B5A3-4FE17DFAC1B3}.Debug|Any CPU.Build.0 = Debug|Any CPU
		{82D952F5-A3B4-4A14-B5A3-4FE17DFAC1B3}.Release|Any CPU.ActiveCfg = Release|Any CPU
		{82D952F5-A3B4-4A14-B5A3-4FE17DFAC1B3}.Release|Any CPU.Build.0 = Release|Any CPU
		{CC4C49D9-7EE3-47AC-B016-E2F853AD196B}.Debug|Any CPU.ActiveCfg = Debug|Any CPU
		{CC4C49D9-7EE3-47AC-B016-E2F853AD196B}.Debug|Any CPU.Build.0 = Debug|Any CPU
		{CC4C49D9-7EE3-47AC-B016-E2F853AD196B}.Release|Any CPU.ActiveCfg = Release|Any CPU
		{CC4C49D9-7EE3-47AC-B016-E2F853AD196B}.Release|Any CPU.Build.0 = Release|Any CPU
		{B402CE32-4393-466C-B9B5-F112D43C7DA7}.Debug|Any CPU.ActiveCfg = Debug|Any CPU
		{B402CE32-4393-466C-B9B5-F112D43C7DA7}.Debug|Any CPU.Build.0 = Debug|Any CPU
		{B402CE32-4393-466C-B9B5-F112D43C7DA7}.Release|Any CPU.ActiveCfg = Release|Any CPU
		{B402CE32-4393-466C-B9B5-F112D43C7DA7}.Release|Any CPU.Build.0 = Release|Any CPU
		{F4AD4EEB-F7B6-4253-80FD-7D90682A3D19}.Debug|Any CPU.ActiveCfg = Debug|Any CPU
		{F4AD4EEB-F7B6-4253-80FD-7D90682A3D19}.Debug|Any CPU.Build.0 = Debug|Any CPU
		{F4AD4EEB-F7B6-4253-80FD-7D90682A3D19}.Release|Any CPU.ActiveCfg = Release|Any CPU
		{F4AD4EEB-F7B6-4253-80FD-7D90682A3D19}.Release|Any CPU.Build.0 = Release|Any CPU
		{8DEFC63B-173B-449F-9A72-EFAB9EEA5D2C}.Debug|Any CPU.ActiveCfg = Debug|Any CPU
		{8DEFC63B-173B-449F-9A72-EFAB9EEA5D2C}.Debug|Any CPU.Build.0 = Debug|Any CPU
		{8DEFC63B-173B-449F-9A72-EFAB9EEA5D2C}.Release|Any CPU.ActiveCfg = Release|Any CPU
		{8DEFC63B-173B-449F-9A72-EFAB9EEA5D2C}.Release|Any CPU.Build.0 = Release|Any CPU
	EndGlobalSection
EndGlobal
