
Microsoft Visual Studio Solution File, Format Version 12.00
# Visual Studio Version 17
VisualStudioVersion = 17.0.31903.59
MinimumVisualStudioVersion = 10.0.40219.1
Project("{FAE04EC0-301F-11D3-BF4B-00C04F79EFBC}") = "Fleet.API", "Fleet.API\Fleet.API.csproj", "{6AA7B871-1326-4FBC-89A8-6F4E90A3DCCF}"
EndProject
Project("{FAE04EC0-301F-11D3-BF4B-00C04F79EFBC}") = "Fleet.Application", "Fleet.Application\Fleet.Application.csproj", "{4441FE55-BFC4-410F-BC92-A3DFB34F5D05}"
EndProject
Project("{FAE04EC0-301F-11D3-BF4B-00C04F79EFBC}") = "Fleet.Domain", "Fleet.Domain\Fleet.Domain.csproj", "{77D02624-B5C5-4570-A9C7-EE72A4E487BC}"
EndProject
Project("{FAE04EC0-301F-11D3-BF4B-00C04F79EFBC}") = "Fleet.Persistance", "Fleet.Persistance\Fleet.Persistance.csproj", "{80A08932-3D02-4667-9FE4-6B8197C2C9FC}"
EndProject
Project("{FAE04EC0-301F-11D3-BF4B-00C04F79EFBC}") = "Order.API", "Order.API\Order.API.csproj", "{C0CCC920-2AE7-4484-A789-B201B837B172}"
EndProject
Project("{FAE04EC0-301F-11D3-BF4B-00C04F79EFBC}") = "Order.Application", "Order.Application\Order.Application.csproj", "{5FE64F48-38D4-4CFD-A116-7EB81DFF8080}"
EndProject
Project("{FAE04EC0-301F-11D3-BF4B-00C04F79EFBC}") = "Order.Domain", "Order.Domain\Order.Domain.csproj", "{C84AA5A5-E839-49BB-B0FC-9235A03699E1}"
EndProject
Project("{FAE04EC0-301F-11D3-BF4B-00C04F79EFBC}") = "Order.Persistance", "Order.Persistance\Order.Persistance.csproj", "{CE1C014C-4B7F-46D4-B8D4-DA32F5FABA32}"
EndProject
Global
	GlobalSection(SolutionConfigurationPlatforms) = preSolution
		Debug|Any CPU = Debug|Any CPU
		Release|Any CPU = Release|Any CPU
	EndGlobalSection
	GlobalSection(SolutionProperties) = preSolution
		HideSolutionNode = FALSE
	EndGlobalSection
	GlobalSection(ProjectConfigurationPlatforms) = postSolution
		{6AA7B871-1326-4FBC-89A8-6F4E90A3DCCF}.Debug|Any CPU.ActiveCfg = Debug|Any CPU
		{6AA7B871-1326-4FBC-89A8-6F4E90A3DCCF}.Debug|Any CPU.Build.0 = Debug|Any CPU
		{6AA7B871-1326-4FBC-89A8-6F4E90A3DCCF}.Release|Any CPU.ActiveCfg = Release|Any CPU
		{6AA7B871-1326-4FBC-89A8-6F4E90A3DCCF}.Release|Any CPU.Build.0 = Release|Any CPU
		{4441FE55-BFC4-410F-BC92-A3DFB34F5D05}.Debug|Any CPU.ActiveCfg = Debug|Any CPU
		{4441FE55-BFC4-410F-BC92-A3DFB34F5D05}.Debug|Any CPU.Build.0 = Debug|Any CPU
		{4441FE55-BFC4-410F-BC92-A3DFB34F5D05}.Release|Any CPU.ActiveCfg = Release|Any CPU
		{4441FE55-BFC4-410F-BC92-A3DFB34F5D05}.Release|Any CPU.Build.0 = Release|Any CPU
		{77D02624-B5C5-4570-A9C7-EE72A4E487BC}.Debug|Any CPU.ActiveCfg = Debug|Any CPU
		{77D02624-B5C5-4570-A9C7-EE72A4E487BC}.Debug|Any CPU.Build.0 = Debug|Any CPU
		{77D02624-B5C5-4570-A9C7-EE72A4E487BC}.Release|Any CPU.ActiveCfg = Release|Any CPU
		{77D02624-B5C5-4570-A9C7-EE72A4E487BC}.Release|Any CPU.Build.0 = Release|Any CPU
		{80A08932-3D02-4667-9FE4-6B8197C2C9FC}.Debug|Any CPU.ActiveCfg = Debug|Any CPU
		{80A08932-3D02-4667-9FE4-6B8197C2C9FC}.Debug|Any CPU.Build.0 = Debug|Any CPU
		{80A08932-3D02-4667-9FE4-6B8197C2C9FC}.Release|Any CPU.ActiveCfg = Release|Any CPU
		{80A08932-3D02-4667-9FE4-6B8197C2C9FC}.Release|Any CPU.Build.0 = Release|Any CPU
		{C0CCC920-2AE7-4484-A789-B201B837B172}.Debug|Any CPU.ActiveCfg = Debug|Any CPU
		{C0CCC920-2AE7-4484-A789-B201B837B172}.Debug|Any CPU.Build.0 = Debug|Any CPU
		{C0CCC920-2AE7-4484-A789-B201B837B172}.Release|Any CPU.ActiveCfg = Release|Any CPU
		{C0CCC920-2AE7-4484-A789-B201B837B172}.Release|Any CPU.Build.0 = Release|Any CPU
		{5FE64F48-38D4-4CFD-A116-7EB81DFF8080}.Debug|Any CPU.ActiveCfg = Debug|Any CPU
		{5FE64F48-38D4-4CFD-A116-7EB81DFF8080}.Debug|Any CPU.Build.0 = Debug|Any CPU
		{5FE64F48-38D4-4CFD-A116-7EB81DFF8080}.Release|Any CPU.ActiveCfg = Release|Any CPU
		{5FE64F48-38D4-4CFD-A116-7EB81DFF8080}.Release|Any CPU.Build.0 = Release|Any CPU
		{C84AA5A5-E839-49BB-B0FC-9235A03699E1}.Debug|Any CPU.ActiveCfg = Debug|Any CPU
		{C84AA5A5-E839-49BB-B0FC-9235A03699E1}.Debug|Any CPU.Build.0 = Debug|Any CPU
		{C84AA5A5-E839-49BB-B0FC-9235A03699E1}.Release|Any CPU.ActiveCfg = Release|Any CPU
		{C84AA5A5-E839-49BB-B0FC-9235A03699E1}.Release|Any CPU.Build.0 = Release|Any CPU
		{CE1C014C-4B7F-46D4-B8D4-DA32F5FABA32}.Debug|Any CPU.ActiveCfg = Debug|Any CPU
		{CE1C014C-4B7F-46D4-B8D4-DA32F5FABA32}.Debug|Any CPU.Build.0 = Debug|Any CPU
		{CE1C014C-4B7F-46D4-B8D4-DA32F5FABA32}.Release|Any CPU.ActiveCfg = Release|Any CPU
		{CE1C014C-4B7F-46D4-B8D4-DA32F5FABA32}.Release|Any CPU.Build.0 = Release|Any CPU
	EndGlobalSection
EndGlobal
