
Microsoft Visual Studio Solution File, Format Version 12.00
# Visual Studio Version 17
VisualStudioVersion = 17.0.31903.59
MinimumVisualStudioVersion = 10.0.40219.1
Project("{2150E333-8FDC-42A3-9474-1A3956D46DE8}") = "src", "src", "{59EB70CE-3013-4A48-B0EF-05EBCE3A2A0B}"
EndProject
Project("{2150E333-8FDC-42A3-9474-1A3956D46DE8}") = "Services", "Services", "{A88050F3-03C8-4240-BC1D-374C9C7CA1F0}"
EndProject
Project("{2150E333-8FDC-42A3-9474-1A3956D46DE8}") = "Fleet", "Fleet", "{CE670CAC-5CC4-4DA1-9019-A100BF6A29F8}"
EndProject
Project("{FAE04EC0-301F-11D3-BF4B-00C04F79EFBC}") = "AutonomousFleet.Services.Fleet.API", "src\Services\Fleet\AutonomousFleet.Services.Fleet.API\AutonomousFleet.Services.Fleet.API.csproj", "{BC34DA36-9B35-49F8-B488-4B5546330062}"
EndProject
Project("{FAE04EC0-301F-11D3-BF4B-00C04F79EFBC}") = "AutonomousFleet.Services.Fleet.Domain", "src\Services\Fleet\AutonomousFleet.Services.Fleet.Domain\AutonomousFleet.Services.Fleet.Domain.csproj", "{0DA3DD39-BE7A-4605-8481-67AADB2EDE37}"
EndProject
Project("{FAE04EC0-301F-11D3-BF4B-00C04F79EFBC}") = "AutonomousFleet.Services.Fleet.Application", "src\Services\Fleet\AutonomousFleet.Services.Fleet.Application\AutonomousFleet.Services.Fleet.Application.csproj", "{BA07DCF8-7B4F-4442-83C5-0996BCBCA81F}"
EndProject
Project("{FAE04EC0-301F-11D3-BF4B-00C04F79EFBC}") = "AutonomousFleet.Services.Fleet.Infrastructure", "src\Services\Fleet\AutonomousFleet.Services.Fleet.Infrastructure\AutonomousFleet.Services.Fleet.Infrastructure.csproj", "{B3B5D250-5B78-4A7F-BABA-296DA2B7D0E5}"
EndProject
Project("{FAE04EC0-301F-11D3-BF4B-00C04F79EFBC}") = "AutonomousFleet.Services.Fleet.Persistence", "src\Services\Fleet\AutonomousFleet.Services.Fleet.Persistence\AutonomousFleet.Services.Fleet.Persistence.csproj", "{F4326DB3-690D-4AC5-B7B6-CEE99A7258FF}"
EndProject
Project("{2150E333-8FDC-42A3-9474-1A3956D46DE8}") = "Order", "Order", "{D449B1A2-7C58-4F06-A472-0D786AD1A6F7}"
EndProject
Project("{FAE04EC0-301F-11D3-BF4B-00C04F79EFBC}") = "AutonomousFleet.Services.Order.API", "src\Services\Order\AutonomousFleet.Services.Order.API\AutonomousFleet.Services.Order.API.csproj", "{F7F30E5A-A64A-4061-8F46-8D32F2B82263}"
EndProject
Project("{FAE04EC0-301F-11D3-BF4B-00C04F79EFBC}") = "AutonomousFleet.Services.Order.Domain", "src\Services\Order\AutonomousFleet.Services.Order.Domain\AutonomousFleet.Services.Order.Domain.csproj", "{2D1CFE3C-6D0F-47A2-BC4D-6DAF7294145E}"
EndProject
Project("{FAE04EC0-301F-11D3-BF4B-00C04F79EFBC}") = "AutonomousFleet.Services.Order.Application", "src\Services\Order\AutonomousFleet.Services.Order.Application\AutonomousFleet.Services.Order.Application.csproj", "{F5576DD6-6C79-47BB-9853-3A44BB85412F}"
EndProject
Project("{FAE04EC0-301F-11D3-BF4B-00C04F79EFBC}") = "AutonomousFleet.Services.Order.Infrastructure", "src\Services\Order\AutonomousFleet.Services.Order.Infrastructure\AutonomousFleet.Services.Order.Infrastructure.csproj", "{A276F529-19A6-4505-8EF6-DBC4F918413D}"
EndProject
Project("{FAE04EC0-301F-11D3-BF4B-00C04F79EFBC}") = "AutonomousFleet.Services.Order.Persistence", "src\Services\Order\AutonomousFleet.Services.Order.Persistence\AutonomousFleet.Services.Order.Persistence.csproj", "{74BD93E6-F6A6-472A-96D1-6AA961B1A2F1}"
EndProject
Global
	GlobalSection(SolutionConfigurationPlatforms) = preSolution
		Debug|Any CPU = Debug|Any CPU
		Release|Any CPU = Release|Any CPU
	EndGlobalSection
	GlobalSection(SolutionProperties) = preSolution
		HideSolutionNode = FALSE
	EndGlobalSection
	GlobalSection(ProjectConfigurationPlatforms) = postSolution
		{BC34DA36-9B35-49F8-B488-4B5546330062}.Debug|Any CPU.ActiveCfg = Debug|Any CPU
		{BC34DA36-9B35-49F8-B488-4B5546330062}.Debug|Any CPU.Build.0 = Debug|Any CPU
		{BC34DA36-9B35-49F8-B488-4B5546330062}.Release|Any CPU.ActiveCfg = Release|Any CPU
		{BC34DA36-9B35-49F8-B488-4B5546330062}.Release|Any CPU.Build.0 = Release|Any CPU
		{0DA3DD39-BE7A-4605-8481-67AADB2EDE37}.Debug|Any CPU.ActiveCfg = Debug|Any CPU
		{0DA3DD39-BE7A-4605-8481-67AADB2EDE37}.Debug|Any CPU.Build.0 = Debug|Any CPU
		{0DA3DD39-BE7A-4605-8481-67AADB2EDE37}.Release|Any CPU.ActiveCfg = Release|Any CPU
		{0DA3DD39-BE7A-4605-8481-67AADB2EDE37}.Release|Any CPU.Build.0 = Release|Any CPU
		{BA07DCF8-7B4F-4442-83C5-0996BCBCA81F}.Debug|Any CPU.ActiveCfg = Debug|Any CPU
		{BA07DCF8-7B4F-4442-83C5-0996BCBCA81F}.Debug|Any CPU.Build.0 = Debug|Any CPU
		{BA07DCF8-7B4F-4442-83C5-0996BCBCA81F}.Release|Any CPU.ActiveCfg = Release|Any CPU
		{BA07DCF8-7B4F-4442-83C5-0996BCBCA81F}.Release|Any CPU.Build.0 = Release|Any CPU
		{B3B5D250-5B78-4A7F-BABA-296DA2B7D0E5}.Debug|Any CPU.ActiveCfg = Debug|Any CPU
		{B3B5D250-5B78-4A7F-BABA-296DA2B7D0E5}.Debug|Any CPU.Build.0 = Debug|Any CPU
		{B3B5D250-5B78-4A7F-BABA-296DA2B7D0E5}.Release|Any CPU.ActiveCfg = Release|Any CPU
		{B3B5D250-5B78-4A7F-BABA-296DA2B7D0E5}.Release|Any CPU.Build.0 = Release|Any CPU
		{F4326DB3-690D-4AC5-B7B6-CEE99A7258FF}.Debug|Any CPU.ActiveCfg = Debug|Any CPU
		{F4326DB3-690D-4AC5-B7B6-CEE99A7258FF}.Debug|Any CPU.Build.0 = Debug|Any CPU
		{F4326DB3-690D-4AC5-B7B6-CEE99A7258FF}.Release|Any CPU.ActiveCfg = Release|Any CPU
		{F4326DB3-690D-4AC5-B7B6-CEE99A7258FF}.Release|Any CPU.Build.0 = Release|Any CPU
		{F7F30E5A-A64A-4061-8F46-8D32F2B82263}.Debug|Any CPU.ActiveCfg = Debug|Any CPU
		{F7F30E5A-A64A-4061-8F46-8D32F2B82263}.Debug|Any CPU.Build.0 = Debug|Any CPU
		{F7F30E5A-A64A-4061-8F46-8D32F2B82263}.Release|Any CPU.ActiveCfg = Release|Any CPU
		{F7F30E5A-A64A-4061-8F46-8D32F2B82263}.Release|Any CPU.Build.0 = Release|Any CPU
		{2D1CFE3C-6D0F-47A2-BC4D-6DAF7294145E}.Debug|Any CPU.ActiveCfg = Debug|Any CPU
		{2D1CFE3C-6D0F-47A2-BC4D-6DAF7294145E}.Debug|Any CPU.Build.0 = Debug|Any CPU
		{2D1CFE3C-6D0F-47A2-BC4D-6DAF7294145E}.Release|Any CPU.ActiveCfg = Release|Any CPU
		{2D1CFE3C-6D0F-47A2-BC4D-6DAF7294145E}.Release|Any CPU.Build.0 = Release|Any CPU
		{F5576DD6-6C79-47BB-9853-3A44BB85412F}.Debug|Any CPU.ActiveCfg = Debug|Any CPU
		{F5576DD6-6C79-47BB-9853-3A44BB85412F}.Debug|Any CPU.Build.0 = Debug|Any CPU
		{F5576DD6-6C79-47BB-9853-3A44BB85412F}.Release|Any CPU.ActiveCfg = Release|Any CPU
		{F5576DD6-6C79-47BB-9853-3A44BB85412F}.Release|Any CPU.Build.0 = Release|Any CPU
		{A276F529-19A6-4505-8EF6-DBC4F918413D}.Debug|Any CPU.ActiveCfg = Debug|Any CPU
		{A276F529-19A6-4505-8EF6-DBC4F918413D}.Debug|Any CPU.Build.0 = Debug|Any CPU
		{A276F529-19A6-4505-8EF6-DBC4F918413D}.Release|Any CPU.ActiveCfg = Release|Any CPU
		{A276F529-19A6-4505-8EF6-DBC4F918413D}.Release|Any CPU.Build.0 = Release|Any CPU
		{74BD93E6-F6A6-472A-96D1-6AA961B1A2F1}.Debug|Any CPU.ActiveCfg = Debug|Any CPU
		{74BD93E6-F6A6-472A-96D1-6AA961B1A2F1}.Debug|Any CPU.Build.0 = Debug|Any CPU
		{74BD93E6-F6A6-472A-96D1-6AA961B1A2F1}.Release|Any CPU.ActiveCfg = Release|Any CPU
		{74BD93E6-F6A6-472A-96D1-6AA961B1A2F1}.Release|Any CPU.Build.0 = Release|Any CPU
	EndGlobalSection
	GlobalSection(NestedProjects) = preSolution
		{A88050F3-03C8-4240-BC1D-374C9C7CA1F0} = {59EB70CE-3013-4A48-B0EF-05EBCE3A2A0B}
		{CE670CAC-5CC4-4DA1-9019-A100BF6A29F8} = {A88050F3-03C8-4240-BC1D-374C9C7CA1F0}
		{BC34DA36-9B35-49F8-B488-4B5546330062} = {CE670CAC-5CC4-4DA1-9019-A100BF6A29F8}
		{0DA3DD39-BE7A-4605-8481-67AADB2EDE37} = {CE670CAC-5CC4-4DA1-9019-A100BF6A29F8}
		{BA07DCF8-7B4F-4442-83C5-0996BCBCA81F} = {CE670CAC-5CC4-4DA1-9019-A100BF6A29F8}
		{B3B5D250-5B78-4A7F-BABA-296DA2B7D0E5} = {CE670CAC-5CC4-4DA1-9019-A100BF6A29F8}
		{F4326DB3-690D-4AC5-B7B6-CEE99A7258FF} = {CE670CAC-5CC4-4DA1-9019-A100BF6A29F8}
		{D449B1A2-7C58-4F06-A472-0D786AD1A6F7} = {A88050F3-03C8-4240-BC1D-374C9C7CA1F0}
		{F7F30E5A-A64A-4061-8F46-8D32F2B82263} = {D449B1A2-7C58-4F06-A472-0D786AD1A6F7}
		{2D1CFE3C-6D0F-47A2-BC4D-6DAF7294145E} = {D449B1A2-7C58-4F06-A472-0D786AD1A6F7}
		{F5576DD6-6C79-47BB-9853-3A44BB85412F} = {D449B1A2-7C58-4F06-A472-0D786AD1A6F7}
		{A276F529-19A6-4505-8EF6-DBC4F918413D} = {D449B1A2-7C58-4F06-A472-0D786AD1A6F7}
		{74BD93E6-F6A6-472A-96D1-6AA961B1A2F1} = {D449B1A2-7C58-4F06-A472-0D786AD1A6F7}
	EndGlobalSection
EndGlobal
